
Microsoft Visual Studio Solution File, Format Version 12.00
# Visual Studio Version 16
VisualStudioVersion = 16.0.32126.315
MinimumVisualStudioVersion = 10.0.40219.1
Project("{F184B08F-C81C-45F6-A57F-5ABD9991F28F}") = "jenvis", "jenvis\jenvis.vbproj", "{46E0F1B0-CA9C-49E4-82ED-81E6EB9F7E87}"
EndProject
Global
	GlobalSection(SolutionConfigurationPlatforms) = preSolution
		Debug|Any CPU = Debug|Any CPU
		Release|Any CPU = Release|Any CPU
	EndGlobalSection
	GlobalSection(ProjectConfigurationPlatforms) = postSolution
		{46E0F1B0-CA9C-49E4-82ED-81E6EB9F7E87}.Debug|Any CPU.ActiveCfg = Debug|Any CPU
		{46E0F1B0-CA9C-49E4-82ED-81E6EB9F7E87}.Debug|Any CPU.Build.0 = Debug|Any CPU
		{46E0F1B0-CA9C-49E4-82ED-81E6EB9F7E87}.Release|Any CPU.ActiveCfg = Release|Any CPU
		{46E0F1B0-CA9C-49E4-82ED-81E6EB9F7E87}.Release|Any CPU.Build.0 = Release|Any CPU
	EndGlobalSection
	GlobalSection(SolutionProperties) = preSolution
		HideSolutionNode = FALSE
	EndGlobalSection
	GlobalSection(ExtensibilityGlobals) = postSolution
		SolutionGuid = {D4B6BE04-53AF-4249-8132-96E9FC7DECF9}
	EndGlobalSection
EndGlobal
